
Microsoft Visual Studio Solution File, Format Version 12.00
# Visual Studio 15
VisualStudioVersion = 15.0.26730.8
MinimumVisualStudioVersion = 10.0.40219.1
Project("{FAE04EC0-301F-11D3-BF4B-00C04F79EFBC}") = "Minesweeper_game", "Minesweeper_game\Minesweeper_game.csproj", "{51444342-7F97-4CD6-810E-469637A60052}"
EndProject
Global
	GlobalSection(SolutionConfigurationPlatforms) = preSolution
		Debug|Any CPU = Debug|Any CPU
		Release|Any CPU = Release|Any CPU
	EndGlobalSection
	GlobalSection(ProjectConfigurationPlatforms) = postSolution
		{51444342-7F97-4CD6-810E-469637A60052}.Debug|Any CPU.ActiveCfg = Debug|Any CPU
		{51444342-7F97-4CD6-810E-469637A60052}.Debug|Any CPU.Build.0 = Debug|Any CPU
		{51444342-7F97-4CD6-810E-469637A60052}.Release|Any CPU.ActiveCfg = Release|Any CPU
		{51444342-7F97-4CD6-810E-469637A60052}.Release|Any CPU.Build.0 = Release|Any CPU
	EndGlobalSection
	GlobalSection(SolutionProperties) = preSolution
		HideSolutionNode = FALSE
	EndGlobalSection
	GlobalSection(ExtensibilityGlobals) = postSolution
		SolutionGuid = {13EB0EE8-F7F7-4CCB-BCDD-50EADF2D8575}
	EndGlobalSection
EndGlobal
